
Microsoft Visual Studio Solution File, Format Version 12.00
# Visual Studio 2013
VisualStudioVersion = 12.0.40629.0
MinimumVisualStudioVersion = 10.0.40219.1
Project("{FAE04EC0-301F-11D3-BF4B-00C04F79EFBC}") = "RegrasScriptSQL", "RegrasScriptSQL.csproj", "{8152976D-78C7-4016-95E4-E49A1346A538}"
EndProject
Project("{FAE04EC0-301F-11D3-BF4B-00C04F79EFBC}") = "RegrasScriptSQLTest", "..\RegrasScriptSQLTest\RegrasScriptSQLTest.csproj", "{79B6B06B-551A-487B-92C2-123234673339}"
EndProject
Global
	GlobalSection(SolutionConfigurationPlatforms) = preSolution
		Debug|Any CPU = Debug|Any CPU
		Release|Any CPU = Release|Any CPU
	EndGlobalSection
	GlobalSection(ProjectConfigurationPlatforms) = postSolution
		{8152976D-78C7-4016-95E4-E49A1346A538}.Debug|Any CPU.ActiveCfg = Debug|Any CPU
		{8152976D-78C7-4016-95E4-E49A1346A538}.Debug|Any CPU.Build.0 = Debug|Any CPU
		{8152976D-78C7-4016-95E4-E49A1346A538}.Release|Any CPU.ActiveCfg = Release|Any CPU
		{8152976D-78C7-4016-95E4-E49A1346A538}.Release|Any CPU.Build.0 = Release|Any CPU
		{79B6B06B-551A-487B-92C2-123234673339}.Debug|Any CPU.ActiveCfg = Debug|Any CPU
		{79B6B06B-551A-487B-92C2-123234673339}.Debug|Any CPU.Build.0 = Debug|Any CPU
		{79B6B06B-551A-487B-92C2-123234673339}.Release|Any CPU.ActiveCfg = Release|Any CPU
		{79B6B06B-551A-487B-92C2-123234673339}.Release|Any CPU.Build.0 = Release|Any CPU
	EndGlobalSection
	GlobalSection(SolutionProperties) = preSolution
		HideSolutionNode = FALSE
	EndGlobalSection
EndGlobal
